
Microsoft Visual Studio Solution File, Format Version 12.00
# Visual Studio Version 16
VisualStudioVersion = 16.0.30309.148
MinimumVisualStudioVersion = 10.0.40219.1
Project("{FAE04EC0-301F-11D3-BF4B-00C04F79EFBC}") = "OgrenciNotMvc", "OgrenciNotMvc.csproj", "{60552859-B35F-4F55-A1C2-D65CA1D7F05A}"
EndProject
Global
	GlobalSection(SolutionConfigurationPlatforms) = preSolution
		Debug|Any CPU = Debug|Any CPU
		Release|Any CPU = Release|Any CPU
	EndGlobalSection
	GlobalSection(ProjectConfigurationPlatforms) = postSolution
		{60552859-B35F-4F55-A1C2-D65CA1D7F05A}.Debug|Any CPU.ActiveCfg = Debug|Any CPU
		{60552859-B35F-4F55-A1C2-D65CA1D7F05A}.Debug|Any CPU.Build.0 = Debug|Any CPU
		{60552859-B35F-4F55-A1C2-D65CA1D7F05A}.Release|Any CPU.ActiveCfg = Release|Any CPU
		{60552859-B35F-4F55-A1C2-D65CA1D7F05A}.Release|Any CPU.Build.0 = Release|Any CPU
	EndGlobalSection
	GlobalSection(SolutionProperties) = preSolution
		HideSolutionNode = FALSE
	EndGlobalSection
	GlobalSection(ExtensibilityGlobals) = postSolution
		SolutionGuid = {06A55292-0518-47FC-A7F9-F05D0C49A659}
	EndGlobalSection
EndGlobal
